// !$*UTF8*$!
{
	archiveVersion = 1;
	classes = {
	};
	objectVersion = 46;
	objects = {

/* Begin PBXFileReference section */
		C978A62F1B5B539B005D3752 /* cditls.java */ = {isa = PBXFileReference; lastKnownFileType = sourcecode.java; path = cditls.java; sourceTree = "<group>"; };
		C978A6301B5B53B1005D3752 /* helloworld.java */ = {isa = PBXFileReference; lastKnownFileType = sourcecode.java; path = helloworld.java; sourceTree = "<group>"; };
		C978A6311B5B53B5005D3752 /* vars.java */ = {isa = PBXFileReference; lastKnownFileType = sourcecode.java; path = vars.java; sourceTree = "<group>"; };
		C978A6321B5B568D005D3752 /* files.txt */ = {isa = PBXFileReference; fileEncoding = 4; lastKnownFileType = text; path = files.txt; sourceTree = "<group>"; };
		C978A6331B5B58FF005D3752 /* coinflip.java */ = {isa = PBXFileReference; fileEncoding = 4; lastKnownFileType = sourcecode.java; path = coinflip.java; sourceTree = "<group>"; };
/* End PBXFileReference section */

/* Begin PBXGroup section */
		C978A6241B5B52F4005D3752 = {
			isa = PBXGroup;
			children = (
				C978A6321B5B568D005D3752 /* files.txt */,
				C978A6331B5B58FF005D3752 /* coinflip.java */,
				C978A62F1B5B539B005D3752 /* cditls.java */,
				C978A6301B5B53B1005D3752 /* helloworld.java */,
				C978A6311B5B53B5005D3752 /* vars.java */,
			);
			sourceTree = "<group>";
		};
/* End PBXGroup section */

/* Begin PBXLegacyTarget section */
		C978A6291B5B52F4005D3752 /* javaprojects */ = {
			isa = PBXLegacyTarget;
			buildArgumentsString = "-d classes @files.txt";
			buildConfigurationList = C978A62C1B5B52F4005D3752 /* Build configuration list for PBXLegacyTarget "javaprojects" */;
			buildPhases = (
			);
			buildToolPath = /usr/bin/javac;
			buildWorkingDirectory = "~/Desktop/java-workspace";
			dependencies = (
			);
			name = javaprojects;
			passBuildSettingsInEnvironment = 1;
			productName = javaprojects;
		};
/* End PBXLegacyTarget section */

/* Begin PBXProject section */
		C978A6251B5B52F4005D3752 /* Project object */ = {
			isa = PBXProject;
			attributes = {
				LastUpgradeCheck = 0460;
				ORGANIZATIONNAME = io;
			};
			buildConfigurationList = C978A6281B5B52F4005D3752 /* Build configuration list for PBXProject "javaprojects" */;
			compatibilityVersion = "Xcode 3.2";
			developmentRegion = English;
			hasScannedForEncodings = 0;
			knownRegions = (
				en,
			);
			mainGroup = C978A6241B5B52F4005D3752;
			projectDirPath = "";
			projectRoot = "";
			targets = (
				C978A6291B5B52F4005D3752 /* javaprojects */,
			);
		};
/* End PBXProject section */

/* Begin XCBuildConfiguration section */
		C978A62A1B5B52F4005D3752 /* Debug */ = {
			isa = XCBuildConfiguration;
			buildSettings = {
				ALWAYS_SEARCH_USER_PATHS = NO;
				ARCHS = "$(ARCHS_STANDARD_64_BIT)";
				CLANG_CXX_LANGUAGE_STANDARD = "gnu++0x";
				CLANG_CXX_LIBRARY = "libc++";
				CLANG_WARN_CONSTANT_CONVERSION = YES;
				CLANG_WARN_EMPTY_BODY = YES;
				CLANG_WARN_ENUM_CONVERSION = YES;
				CLANG_WARN_INT_CONVERSION = YES;
				CLANG_WARN__DUPLICATE_METHOD_MATCH = YES;
				COPY_PHASE_STRIP = NO;
				GCC_C_LANGUAGE_STANDARD = gnu99;
				GCC_DYNAMIC_NO_PIC = NO;
				GCC_ENABLE_OBJC_EXCEPTIONS = YES;
				GCC_OPTIMIZATION_LEVEL = 0;
				GCC_PREPROCESSOR_DEFINITIONS = (
					"DEBUG=1",
					"$(inherited)",
				);
				GCC_SYMBOLS_PRIVATE_EXTERN = NO;
				GCC_WARN_64_TO_32_BIT_CONVERSION = YES;
				GCC_WARN_ABOUT_RETURN_TYPE = YES;
				GCC_WARN_UNINITIALIZED_AUTOS = YES;
				GCC_WARN_UNUSED_VARIABLE = YES;
				MACOSX_DEPLOYMENT_TARGET = 10.7;
				ONLY_ACTIVE_ARCH = YES;
				SDKROOT = macosx;
			};
			name = Debug;
		};
		C978A62B1B5B52F4005D3752 /* Release */ = {
			isa = XCBuildConfiguration;
			buildSettings = {
				ALWAYS_SEARCH_USER_PATHS = NO;
				ARCHS = "$(ARCHS_STANDARD_64_BIT)";
				CLANG_CXX_LANGUAGE_STANDARD = "gnu++0x";
				CLANG_CXX_LIBRARY = "libc++";
				CLANG_WARN_CONSTANT_CONVERSION = YES;
				CLANG_WARN_EMPTY_BODY = YES;
				CLANG_WARN_ENUM_CONVERSION = YES;
				CLANG_WARN_INT_CONVERSION = YES;
				CLANG_WARN__DUPLICATE_METHOD_MATCH = YES;
				COPY_PHASE_STRIP = YES;
				DEBUG_INFORMATION_FORMAT = "dwarf-with-dsym";
				GCC_C_LANGUAGE_STANDARD = gnu99;
				GCC_ENABLE_OBJC_EXCEPTIONS = YES;
				GCC_WARN_64_TO_32_BIT_CONVERSION = YES;
				GCC_WARN_ABOUT_RETURN_TYPE = YES;
				GCC_WARN_UNINITIALIZED_AUTOS = YES;
				GCC_WARN_UNUSED_VARIABLE = YES;
				MACOSX_DEPLOYMENT_TARGET = 10.7;
				SDKROOT = macosx;
			};
			name = Release;
		};
		C978A62D1B5B52F4005D3752 /* Debug */ = {
			isa = XCBuildConfiguration;
			buildSettings = {
				DEBUGGING_SYMBOLS = YES;
				GCC_GENERATE_DEBUGGING_SYMBOLS = YES;
				GCC_OPTIMIZATION_LEVEL = 0;
				OTHER_CFLAGS = "";
				OTHER_LDFLAGS = "";
				PRODUCT_NAME = "$(TARGET_NAME)";
			};
			name = Debug;
		};
		C978A62E1B5B52F4005D3752 /* Release */ = {
			isa = XCBuildConfiguration;
			buildSettings = {
				OTHER_CFLAGS = "";
				OTHER_LDFLAGS = "";
				PRODUCT_NAME = "$(TARGET_NAME)";
			};
			name = Release;
		};
/* End XCBuildConfiguration section */

/* Begin XCConfigurationList section */
		C978A6281B5B52F4005D3752 /* Build configuration list for PBXProject "javaprojects" */ = {
			isa = XCConfigurationList;
			buildConfigurations = (
				C978A62A1B5B52F4005D3752 /* Debug */,
				C978A62B1B5B52F4005D3752 /* Release */,
			);
			defaultConfigurationIsVisible = 0;
			defaultConfigurationName = Release;
		};
		C978A62C1B5B52F4005D3752 /* Build configuration list for PBXLegacyTarget "javaprojects" */ = {
			isa = XCConfigurationList;
			buildConfigurations = (
				C978A62D1B5B52F4005D3752 /* Debug */,
				C978A62E1B5B52F4005D3752 /* Release */,
			);
			defaultConfigurationIsVisible = 0;
			defaultConfigurationName = Release;
		};
/* End XCConfigurationList section */
	};
	rootObject = C978A6251B5B52F4005D3752 /* Project object */;
}
